
Microsoft Visual Studio Solution File, Format Version 12.00
# Visual Studio Version 16
VisualStudioVersion = 16.0.30413.136
MinimumVisualStudioVersion = 10.0.40219.1
Project("{9A19103F-16F7-4668-BE54-9A1E7A4F7556}") = "PQS.FSChallenge", "PQS.FSChalenge2\PQS.FSChallenge.csproj", "{0FE70344-76F3-4907-AD5C-6A2EFA5BD74C}"
EndProject
Global
	GlobalSection(SolutionConfigurationPlatforms) = preSolution
		Debug|Any CPU = Debug|Any CPU
		Release|Any CPU = Release|Any CPU
	EndGlobalSection
	GlobalSection(ProjectConfigurationPlatforms) = postSolution
		{0FE70344-76F3-4907-AD5C-6A2EFA5BD74C}.Debug|Any CPU.ActiveCfg = Debug|Any CPU
		{0FE70344-76F3-4907-AD5C-6A2EFA5BD74C}.Debug|Any CPU.Build.0 = Debug|Any CPU
		{0FE70344-76F3-4907-AD5C-6A2EFA5BD74C}.Release|Any CPU.ActiveCfg = Release|Any CPU
		{0FE70344-76F3-4907-AD5C-6A2EFA5BD74C}.Release|Any CPU.Build.0 = Release|Any CPU
	EndGlobalSection
	GlobalSection(SolutionProperties) = preSolution
		HideSolutionNode = FALSE
	EndGlobalSection
	GlobalSection(ExtensibilityGlobals) = postSolution
		SolutionGuid = {16345395-AC2A-4D28-9569-DA11DEA114E5}
	EndGlobalSection
EndGlobal
